
Microsoft Visual Studio Solution File, Format Version 12.00
# Visual Studio Version 17
VisualStudioVersion = 17.0.31903.59
MinimumVisualStudioVersion = 10.0.40219.1
Project("{FAE04EC0-301F-11D3-BF4B-00C04F79EFBC}") = "TravelManagement.API", "TravelManagement.API\TravelManagement.API.csproj", "{7845F3EC-F163-477C-A0E0-9345D00A81D0}"
EndProject
Project("{FAE04EC0-301F-11D3-BF4B-00C04F79EFBC}") = "TravelManagement.Domain", "TravelManagement.Domain\TravelManagement.Domain.csproj", "{DFEDCEAC-94C7-458E-8615-75AF0DC64CE5}"
EndProject
Project("{FAE04EC0-301F-11D3-BF4B-00C04F79EFBC}") = "TravelManagement.Application", "TravelManagement.Application\TravelManagement.Application.csproj", "{6AA6EC58-C803-49FF-BA39-83F56941BD1F}"
EndProject
Project("{FAE04EC0-301F-11D3-BF4B-00C04F79EFBC}") = "TravelManagement.Infrastructure", "TravelManagement.Infrastructure\TravelManagement.Infrastructure.csproj", "{EC45F2D1-8956-4948-920A-511AA88B4142}"
EndProject
Global
	GlobalSection(SolutionConfigurationPlatforms) = preSolution
		Debug|Any CPU = Debug|Any CPU
		Release|Any CPU = Release|Any CPU
	EndGlobalSection
	GlobalSection(SolutionProperties) = preSolution
		HideSolutionNode = FALSE
	EndGlobalSection
	GlobalSection(ProjectConfigurationPlatforms) = postSolution
		{7845F3EC-F163-477C-A0E0-9345D00A81D0}.Debug|Any CPU.ActiveCfg = Debug|Any CPU
		{7845F3EC-F163-477C-A0E0-9345D00A81D0}.Debug|Any CPU.Build.0 = Debug|Any CPU
		{7845F3EC-F163-477C-A0E0-9345D00A81D0}.Release|Any CPU.ActiveCfg = Release|Any CPU
		{7845F3EC-F163-477C-A0E0-9345D00A81D0}.Release|Any CPU.Build.0 = Release|Any CPU
		{DFEDCEAC-94C7-458E-8615-75AF0DC64CE5}.Debug|Any CPU.ActiveCfg = Debug|Any CPU
		{DFEDCEAC-94C7-458E-8615-75AF0DC64CE5}.Debug|Any CPU.Build.0 = Debug|Any CPU
		{DFEDCEAC-94C7-458E-8615-75AF0DC64CE5}.Release|Any CPU.ActiveCfg = Release|Any CPU
		{DFEDCEAC-94C7-458E-8615-75AF0DC64CE5}.Release|Any CPU.Build.0 = Release|Any CPU
		{6AA6EC58-C803-49FF-BA39-83F56941BD1F}.Debug|Any CPU.ActiveCfg = Debug|Any CPU
		{6AA6EC58-C803-49FF-BA39-83F56941BD1F}.Debug|Any CPU.Build.0 = Debug|Any CPU
		{6AA6EC58-C803-49FF-BA39-83F56941BD1F}.Release|Any CPU.ActiveCfg = Release|Any CPU
		{6AA6EC58-C803-49FF-BA39-83F56941BD1F}.Release|Any CPU.Build.0 = Release|Any CPU
		{EC45F2D1-8956-4948-920A-511AA88B4142}.Debug|Any CPU.ActiveCfg = Debug|Any CPU
		{EC45F2D1-8956-4948-920A-511AA88B4142}.Debug|Any CPU.Build.0 = Debug|Any CPU
		{EC45F2D1-8956-4948-920A-511AA88B4142}.Release|Any CPU.ActiveCfg = Release|Any CPU
		{EC45F2D1-8956-4948-920A-511AA88B4142}.Release|Any CPU.Build.0 = Release|Any CPU
	EndGlobalSection
EndGlobal
